
Microsoft Visual Studio Solution File, Format Version 11.00
# Visual Studio 2010
Project("{FAE04EC0-301F-11D3-BF4B-00C04F79EFBC}") = "Assembly-CSharp", "Assembly-CSharp.csproj", "{60df006e-2086-4d3f-17ab-c866a16995eb}"
EndProject
Project("{FAE04EC0-301F-11D3-BF4B-00C04F79EFBC}") = "PretiaSDK.Samples.MapBasedRelocSample", "PretiaSDK.Samples.MapBasedRelocSample.csproj", "{7e5fc967-341b-939f-806b-1e74af422329}"
EndProject
Global
	GlobalSection(SolutionConfigurationPlatforms) = preSolution
		Debug|Any CPU = Debug|Any CPU
	EndGlobalSection
	GlobalSection(ProjectConfigurationPlatforms) = postSolution
		{60df006e-2086-4d3f-17ab-c866a16995eb}.Debug|Any CPU.ActiveCfg = Debug|Any CPU
		{60df006e-2086-4d3f-17ab-c866a16995eb}.Debug|Any CPU.Build.0 = Debug|Any CPU
		{7e5fc967-341b-939f-806b-1e74af422329}.Debug|Any CPU.ActiveCfg = Debug|Any CPU
		{7e5fc967-341b-939f-806b-1e74af422329}.Debug|Any CPU.Build.0 = Debug|Any CPU
	EndGlobalSection
	GlobalSection(SolutionProperties) = preSolution
		HideSolutionNode = FALSE
	EndGlobalSection
EndGlobal
